{
  "name": "section-4",
  "version": "1.0.0",
  "lockfileVersion": 3,
  "requires": true,
  "packages": {
    "": {
      "name": "section-4",
      "version": "1.0.0",
      "license": "ISC",
      "dependencies": {
        "section-4": "file:"
      }
    },
    "node_modules/section-4": {
      "resolved": "",
      "link": true
    }
  }
}
